
Microsoft Visual Studio Solution File, Format Version 12.00
# Visual Studio Version 16
VisualStudioVersion = 16.0.33214.272
MinimumVisualStudioVersion = 10.0.40219.1
Project("{FAE04EC0-301F-11D3-BF4B-00C04F79EFBC}") = "PI_Motor_Speed_Control", "PI_Motor_Speed_Control.csproj", "{8CFF92D8-1811-4034-91A9-E4036BBFB0D2}"
EndProject
Global
	GlobalSection(SolutionConfigurationPlatforms) = preSolution
		Debug|Any CPU = Debug|Any CPU
		Release|Any CPU = Release|Any CPU
	EndGlobalSection
	GlobalSection(ProjectConfigurationPlatforms) = postSolution
		{8CFF92D8-1811-4034-91A9-E4036BBFB0D2}.Debug|Any CPU.ActiveCfg = Debug|Any CPU
		{8CFF92D8-1811-4034-91A9-E4036BBFB0D2}.Debug|Any CPU.Build.0 = Debug|Any CPU
		{8CFF92D8-1811-4034-91A9-E4036BBFB0D2}.Release|Any CPU.ActiveCfg = Release|Any CPU
		{8CFF92D8-1811-4034-91A9-E4036BBFB0D2}.Release|Any CPU.Build.0 = Release|Any CPU
	EndGlobalSection
	GlobalSection(SolutionProperties) = preSolution
		HideSolutionNode = FALSE
	EndGlobalSection
	GlobalSection(ExtensibilityGlobals) = postSolution
		SolutionGuid = {99DA7708-59FB-4C53-9B6F-55A8917074DE}
	EndGlobalSection
EndGlobal
